
Microsoft Visual Studio Solution File, Format Version 12.00
# Visual Studio Version 17
VisualStudioVersion = 17.1.32421.90
MinimumVisualStudioVersion = 10.0.40219.1
Project("{9A19103F-16F7-4668-BE54-9A1E7A4F7556}") = "LoanService.Api", "LoanService.Api\LoanService.Api.csproj", "{1770904C-C510-4124-A5EF-7D0ED3D4A4F8}"
EndProject
Project("{9A19103F-16F7-4668-BE54-9A1E7A4F7556}") = "LoanService.BackgroundHandler", "LoanServiceBackgroundJob\LoanService.BackgroundHandler.csproj", "{A68E37A3-171D-448D-87B0-AD2BE3BC144F}"
EndProject
Project("{9A19103F-16F7-4668-BE54-9A1E7A4F7556}") = "LoanService.Notification", "RabbitMQ\LoanService.Notification.csproj", "{E736C98F-98ED-4F2B-A8C9-E428F53C2CE1}"
EndProject
Project("{9A19103F-16F7-4668-BE54-9A1E7A4F7556}") = "LoanService.Test", "TestProject1\LoanService.Test.csproj", "{E4B91EBB-5FFF-4DC8-A8A2-C7EBB73CC5F3}"
EndProject
Global
	GlobalSection(SolutionConfigurationPlatforms) = preSolution
		Debug|Any CPU = Debug|Any CPU
		Release|Any CPU = Release|Any CPU
	EndGlobalSection
	GlobalSection(ProjectConfigurationPlatforms) = postSolution
		{1770904C-C510-4124-A5EF-7D0ED3D4A4F8}.Debug|Any CPU.ActiveCfg = Debug|Any CPU
		{1770904C-C510-4124-A5EF-7D0ED3D4A4F8}.Debug|Any CPU.Build.0 = Debug|Any CPU
		{1770904C-C510-4124-A5EF-7D0ED3D4A4F8}.Release|Any CPU.ActiveCfg = Release|Any CPU
		{1770904C-C510-4124-A5EF-7D0ED3D4A4F8}.Release|Any CPU.Build.0 = Release|Any CPU
		{A68E37A3-171D-448D-87B0-AD2BE3BC144F}.Debug|Any CPU.ActiveCfg = Debug|Any CPU
		{A68E37A3-171D-448D-87B0-AD2BE3BC144F}.Debug|Any CPU.Build.0 = Debug|Any CPU
		{A68E37A3-171D-448D-87B0-AD2BE3BC144F}.Release|Any CPU.ActiveCfg = Release|Any CPU
		{A68E37A3-171D-448D-87B0-AD2BE3BC144F}.Release|Any CPU.Build.0 = Release|Any CPU
		{E736C98F-98ED-4F2B-A8C9-E428F53C2CE1}.Debug|Any CPU.ActiveCfg = Debug|Any CPU
		{E736C98F-98ED-4F2B-A8C9-E428F53C2CE1}.Debug|Any CPU.Build.0 = Debug|Any CPU
		{E736C98F-98ED-4F2B-A8C9-E428F53C2CE1}.Release|Any CPU.ActiveCfg = Release|Any CPU
		{E736C98F-98ED-4F2B-A8C9-E428F53C2CE1}.Release|Any CPU.Build.0 = Release|Any CPU
		{E4B91EBB-5FFF-4DC8-A8A2-C7EBB73CC5F3}.Debug|Any CPU.ActiveCfg = Debug|Any CPU
		{E4B91EBB-5FFF-4DC8-A8A2-C7EBB73CC5F3}.Debug|Any CPU.Build.0 = Debug|Any CPU
		{E4B91EBB-5FFF-4DC8-A8A2-C7EBB73CC5F3}.Release|Any CPU.ActiveCfg = Release|Any CPU
		{E4B91EBB-5FFF-4DC8-A8A2-C7EBB73CC5F3}.Release|Any CPU.Build.0 = Release|Any CPU
	EndGlobalSection
	GlobalSection(SolutionProperties) = preSolution
		HideSolutionNode = FALSE
	EndGlobalSection
	GlobalSection(ExtensibilityGlobals) = postSolution
		SolutionGuid = {E2BBB939-339C-48FB-932C-CC962E3D70EC}
	EndGlobalSection
EndGlobal
